
Microsoft Visual Studio Solution File, Format Version 12.00
# Visual Studio Version 17
VisualStudioVersion = 17.1.32319.34
MinimumVisualStudioVersion = 10.0.40219.1
Project("{9A19103F-16F7-4668-BE54-9A1E7A4F7556}") = "Interview", "Interview\Interview.csproj", "{F6551363-744A-4DC1-A77D-6D2F7A384144}"
EndProject
Project("{9A19103F-16F7-4668-BE54-9A1E7A4F7556}") = "Task1", "Task1\Task1.csproj", "{49583EBC-D5B7-4E0D-8AC8-74A36FC17EA1}"
EndProject
Project("{FAE04EC0-301F-11D3-BF4B-00C04F79EFBC}") = "Task2", "Task2\Task2.csproj", "{807B8F1F-F283-476A-BA2E-ACD20542D209}"
EndProject
Global
	GlobalSection(SolutionConfigurationPlatforms) = preSolution
		Debug|Any CPU = Debug|Any CPU
		Release|Any CPU = Release|Any CPU
	EndGlobalSection
	GlobalSection(ProjectConfigurationPlatforms) = postSolution
		{F6551363-744A-4DC1-A77D-6D2F7A384144}.Debug|Any CPU.ActiveCfg = Debug|Any CPU
		{F6551363-744A-4DC1-A77D-6D2F7A384144}.Debug|Any CPU.Build.0 = Debug|Any CPU
		{F6551363-744A-4DC1-A77D-6D2F7A384144}.Release|Any CPU.ActiveCfg = Release|Any CPU
		{F6551363-744A-4DC1-A77D-6D2F7A384144}.Release|Any CPU.Build.0 = Release|Any CPU
		{49583EBC-D5B7-4E0D-8AC8-74A36FC17EA1}.Debug|Any CPU.ActiveCfg = Debug|Any CPU
		{49583EBC-D5B7-4E0D-8AC8-74A36FC17EA1}.Debug|Any CPU.Build.0 = Debug|Any CPU
		{49583EBC-D5B7-4E0D-8AC8-74A36FC17EA1}.Release|Any CPU.ActiveCfg = Release|Any CPU
		{49583EBC-D5B7-4E0D-8AC8-74A36FC17EA1}.Release|Any CPU.Build.0 = Release|Any CPU
		{807B8F1F-F283-476A-BA2E-ACD20542D209}.Debug|Any CPU.ActiveCfg = Debug|Any CPU
		{807B8F1F-F283-476A-BA2E-ACD20542D209}.Debug|Any CPU.Build.0 = Debug|Any CPU
		{807B8F1F-F283-476A-BA2E-ACD20542D209}.Release|Any CPU.ActiveCfg = Release|Any CPU
		{807B8F1F-F283-476A-BA2E-ACD20542D209}.Release|Any CPU.Build.0 = Release|Any CPU
	EndGlobalSection
	GlobalSection(SolutionProperties) = preSolution
		HideSolutionNode = FALSE
	EndGlobalSection
	GlobalSection(ExtensibilityGlobals) = postSolution
		SolutionGuid = {9FE5DFAD-72CE-44B7-95BD-E7B2D099B74E}
	EndGlobalSection
EndGlobal
